
Microsoft Visual Studio Solution File, Format Version 12.00
# Visual Studio Version 17
VisualStudioVersion = 17.8.34322.80
MinimumVisualStudioVersion = 10.0.40219.1
Project("{9A19103F-16F7-4668-BE54-9A1E7A4F7556}") = "PosBooks", "PosBooks\PosBooks.csproj", "{4B94DD38-1600-45B2-A769-2F79594F78A5}"
EndProject
Project("{9A19103F-16F7-4668-BE54-9A1E7A4F7556}") = "PosBooksCore", "PosBooksCore\PosBooksCore.csproj", "{6D5387B6-E9FF-4A76-89F9-5BEEA9EF0924}"
EndProject
Project("{9A19103F-16F7-4668-BE54-9A1E7A4F7556}") = "PosBooksTest", "PosBooksTest\PosBooksTest.csproj", "{71CC8B3B-0127-4C3A-80EC-B4D0F54DF4F6}"
EndProject
Project("{9A19103F-16F7-4668-BE54-9A1E7A4F7556}") = "PosBooksConsumer", "PosBooksConsumer\PosBooksConsumer\PosBooksConsumer.csproj", "{52211660-E321-410E-A019-81912B9D41ED}"
EndProject
Project("{9A19103F-16F7-4668-BE54-9A1E7A4F7556}") = "PosBooksConsumerTests", "PosBooksConsumer\PosBooksConsumerTests\PosBooksConsumerTests.csproj", "{0A13454F-BCE3-4E9C-BCD9-AF8362927710}"
EndProject
Global
	GlobalSection(SolutionConfigurationPlatforms) = preSolution
		Debug|Any CPU = Debug|Any CPU
		Release|Any CPU = Release|Any CPU
	EndGlobalSection
	GlobalSection(ProjectConfigurationPlatforms) = postSolution
		{4B94DD38-1600-45B2-A769-2F79594F78A5}.Debug|Any CPU.ActiveCfg = Debug|Any CPU
		{4B94DD38-1600-45B2-A769-2F79594F78A5}.Debug|Any CPU.Build.0 = Debug|Any CPU
		{4B94DD38-1600-45B2-A769-2F79594F78A5}.Release|Any CPU.ActiveCfg = Release|Any CPU
		{4B94DD38-1600-45B2-A769-2F79594F78A5}.Release|Any CPU.Build.0 = Release|Any CPU
		{6D5387B6-E9FF-4A76-89F9-5BEEA9EF0924}.Debug|Any CPU.ActiveCfg = Debug|Any CPU
		{6D5387B6-E9FF-4A76-89F9-5BEEA9EF0924}.Debug|Any CPU.Build.0 = Debug|Any CPU
		{6D5387B6-E9FF-4A76-89F9-5BEEA9EF0924}.Release|Any CPU.ActiveCfg = Release|Any CPU
		{6D5387B6-E9FF-4A76-89F9-5BEEA9EF0924}.Release|Any CPU.Build.0 = Release|Any CPU
		{71CC8B3B-0127-4C3A-80EC-B4D0F54DF4F6}.Debug|Any CPU.ActiveCfg = Debug|Any CPU
		{71CC8B3B-0127-4C3A-80EC-B4D0F54DF4F6}.Debug|Any CPU.Build.0 = Debug|Any CPU
		{71CC8B3B-0127-4C3A-80EC-B4D0F54DF4F6}.Release|Any CPU.ActiveCfg = Release|Any CPU
		{71CC8B3B-0127-4C3A-80EC-B4D0F54DF4F6}.Release|Any CPU.Build.0 = Release|Any CPU
		{52211660-E321-410E-A019-81912B9D41ED}.Debug|Any CPU.ActiveCfg = Debug|Any CPU
		{52211660-E321-410E-A019-81912B9D41ED}.Debug|Any CPU.Build.0 = Debug|Any CPU
		{52211660-E321-410E-A019-81912B9D41ED}.Release|Any CPU.ActiveCfg = Release|Any CPU
		{52211660-E321-410E-A019-81912B9D41ED}.Release|Any CPU.Build.0 = Release|Any CPU
		{0A13454F-BCE3-4E9C-BCD9-AF8362927710}.Debug|Any CPU.ActiveCfg = Debug|Any CPU
		{0A13454F-BCE3-4E9C-BCD9-AF8362927710}.Debug|Any CPU.Build.0 = Debug|Any CPU
		{0A13454F-BCE3-4E9C-BCD9-AF8362927710}.Release|Any CPU.ActiveCfg = Release|Any CPU
		{0A13454F-BCE3-4E9C-BCD9-AF8362927710}.Release|Any CPU.Build.0 = Release|Any CPU
	EndGlobalSection
	GlobalSection(SolutionProperties) = preSolution
		HideSolutionNode = FALSE
	EndGlobalSection
	GlobalSection(ExtensibilityGlobals) = postSolution
		SolutionGuid = {087B656D-C4C9-4045-9893-7F94A7951159}
	EndGlobalSection
EndGlobal
