
Microsoft Visual Studio Solution File, Format Version 12.00
# Visual Studio Version 17
VisualStudioVersion = 17.8.34322.80
MinimumVisualStudioVersion = 10.0.40219.1
Project("{FAE04EC0-301F-11D3-BF4B-00C04F79EFBC}") = "PosBooksConsumer", "PosBooksConsumer\PosBooksConsumer.csproj", "{4C0D2F24-C2C9-4103-8798-4E9DE8F0ACBC}"
EndProject
Global
	GlobalSection(SolutionConfigurationPlatforms) = preSolution
		Debug|Any CPU = Debug|Any CPU
		Release|Any CPU = Release|Any CPU
	EndGlobalSection
	GlobalSection(ProjectConfigurationPlatforms) = postSolution
		{4C0D2F24-C2C9-4103-8798-4E9DE8F0ACBC}.Debug|Any CPU.ActiveCfg = Debug|Any CPU
		{4C0D2F24-C2C9-4103-8798-4E9DE8F0ACBC}.Debug|Any CPU.Build.0 = Debug|Any CPU
		{4C0D2F24-C2C9-4103-8798-4E9DE8F0ACBC}.Release|Any CPU.ActiveCfg = Release|Any CPU
		{4C0D2F24-C2C9-4103-8798-4E9DE8F0ACBC}.Release|Any CPU.Build.0 = Release|Any CPU
	EndGlobalSection
	GlobalSection(SolutionProperties) = preSolution
		HideSolutionNode = FALSE
	EndGlobalSection
	GlobalSection(ExtensibilityGlobals) = postSolution
		SolutionGuid = {F75456A3-7DE1-4705-9628-2B1AB00060EB}
	EndGlobalSection
EndGlobal
